// !$*UTF8*$!
{
	archiveVersion = 1;
	classes = {
	};
	objectVersion = 50;
	objects = {

/* Begin PBXBuildFile section */
		9601B7742243C6A2002EB6B1 /* AppDelegate.swift in Sources */ = {isa = PBXBuildFile; fileRef = 9601B7732243C6A2002EB6B1 /* AppDelegate.swift */; };
		9601B7762243C6A2002EB6B1 /* ViewController.swift in Sources */ = {isa = PBXBuildFile; fileRef = 9601B7752243C6A2002EB6B1 /* ViewController.swift */; };
		9601B7792243C6A2002EB6B1 /* Main.storyboard in Resources */ = {isa = PBXBuildFile; fileRef = 9601B7772243C6A2002EB6B1 /* Main.storyboard */; };
		9601B77B2243C6A3002EB6B1 /* Assets.xcassets in Resources */ = {isa = PBXBuildFile; fileRef = 9601B77A2243C6A3002EB6B1 /* Assets.xcassets */; };
		9601B77E2243C6A3002EB6B1 /* LaunchScreen.storyboard in Resources */ = {isa = PBXBuildFile; fileRef = 9601B77C2243C6A3002EB6B1 /* LaunchScreen.storyboard */; };
		9601B7862243C958002EB6B1 /* CategoryTableViewController.swift in Sources */ = {isa = PBXBuildFile; fileRef = 9601B7852243C958002EB6B1 /* CategoryTableViewController.swift */; };
		9601B7882243C980002EB6B1 /* MenuTableViewController.swift in Sources */ = {isa = PBXBuildFile; fileRef = 9601B7872243C980002EB6B1 /* MenuTableViewController.swift */; };
		9601B78A2243C9A1002EB6B1 /* OrderTableViewController.swift in Sources */ = {isa = PBXBuildFile; fileRef = 9601B7892243C9A1002EB6B1 /* OrderTableViewController.swift */; };
		9601B78C2243CC4B002EB6B1 /* MenuItemDetailViewController.swift in Sources */ = {isa = PBXBuildFile; fileRef = 9601B78B2243CC4B002EB6B1 /* MenuItemDetailViewController.swift */; };
		9601B78E2243CD7D002EB6B1 /* MenuItem.swift in Sources */ = {isa = PBXBuildFile; fileRef = 9601B78D2243CD7D002EB6B1 /* MenuItem.swift */; };
		9601B7902243D00D002EB6B1 /* IntermediaryModels.swift in Sources */ = {isa = PBXBuildFile; fileRef = 9601B78F2243D00D002EB6B1 /* IntermediaryModels.swift */; };
		9601B7922243D1DE002EB6B1 /* MenuController.swift in Sources */ = {isa = PBXBuildFile; fileRef = 9601B7912243D1DE002EB6B1 /* MenuController.swift */; };
		9601B7942243D36E002EB6B1 /* Order.swift in Sources */ = {isa = PBXBuildFile; fileRef = 9601B7932243D36E002EB6B1 /* Order.swift */; };
		96EEA6ED224A80A80051D6BE /* OrderConfirmationViewController.swift in Sources */ = {isa = PBXBuildFile; fileRef = 96EEA6EC224A80A80051D6BE /* OrderConfirmationViewController.swift */; };
/* End PBXBuildFile section */

/* Begin PBXFileReference section */
		9601B7702243C6A2002EB6B1 /* Restaurante.app */ = {isa = PBXFileReference; explicitFileType = wrapper.application; includeInIndex = 0; path = Restaurante.app; sourceTree = BUILT_PRODUCTS_DIR; };
		9601B7732243C6A2002EB6B1 /* AppDelegate.swift */ = {isa = PBXFileReference; lastKnownFileType = sourcecode.swift; path = AppDelegate.swift; sourceTree = "<group>"; };
		9601B7752243C6A2002EB6B1 /* ViewController.swift */ = {isa = PBXFileReference; lastKnownFileType = sourcecode.swift; path = ViewController.swift; sourceTree = "<group>"; };
		9601B7782243C6A2002EB6B1 /* Base */ = {isa = PBXFileReference; lastKnownFileType = file.storyboard; name = Base; path = Base.lproj/Main.storyboard; sourceTree = "<group>"; };
		9601B77A2243C6A3002EB6B1 /* Assets.xcassets */ = {isa = PBXFileReference; lastKnownFileType = folder.assetcatalog; path = Assets.xcassets; sourceTree = "<group>"; };
		9601B77D2243C6A3002EB6B1 /* Base */ = {isa = PBXFileReference; lastKnownFileType = file.storyboard; name = Base; path = Base.lproj/LaunchScreen.storyboard; sourceTree = "<group>"; };
		9601B77F2243C6A3002EB6B1 /* Info.plist */ = {isa = PBXFileReference; lastKnownFileType = text.plist.xml; path = Info.plist; sourceTree = "<group>"; };
		9601B7852243C958002EB6B1 /* CategoryTableViewController.swift */ = {isa = PBXFileReference; lastKnownFileType = sourcecode.swift; path = CategoryTableViewController.swift; sourceTree = "<group>"; };
		9601B7872243C980002EB6B1 /* MenuTableViewController.swift */ = {isa = PBXFileReference; lastKnownFileType = sourcecode.swift; path = MenuTableViewController.swift; sourceTree = "<group>"; };
		9601B7892243C9A1002EB6B1 /* OrderTableViewController.swift */ = {isa = PBXFileReference; lastKnownFileType = sourcecode.swift; path = OrderTableViewController.swift; sourceTree = "<group>"; };
		9601B78B2243CC4B002EB6B1 /* MenuItemDetailViewController.swift */ = {isa = PBXFileReference; lastKnownFileType = sourcecode.swift; path = MenuItemDetailViewController.swift; sourceTree = "<group>"; };
		9601B78D2243CD7D002EB6B1 /* MenuItem.swift */ = {isa = PBXFileReference; lastKnownFileType = sourcecode.swift; path = MenuItem.swift; sourceTree = "<group>"; };
		9601B78F2243D00D002EB6B1 /* IntermediaryModels.swift */ = {isa = PBXFileReference; lastKnownFileType = sourcecode.swift; path = IntermediaryModels.swift; sourceTree = "<group>"; };
		9601B7912243D1DE002EB6B1 /* MenuController.swift */ = {isa = PBXFileReference; lastKnownFileType = sourcecode.swift; path = MenuController.swift; sourceTree = "<group>"; };
		9601B7932243D36E002EB6B1 /* Order.swift */ = {isa = PBXFileReference; lastKnownFileType = sourcecode.swift; path = Order.swift; sourceTree = "<group>"; };
		96EEA6EC224A80A80051D6BE /* OrderConfirmationViewController.swift */ = {isa = PBXFileReference; lastKnownFileType = sourcecode.swift; path = OrderConfirmationViewController.swift; sourceTree = "<group>"; };
/* End PBXFileReference section */

/* Begin PBXFrameworksBuildPhase section */
		9601B76D2243C6A2002EB6B1 /* Frameworks */ = {
			isa = PBXFrameworksBuildPhase;
			buildActionMask = 2147483647;
			files = (
			);
			runOnlyForDeploymentPostprocessing = 0;
		};
/* End PBXFrameworksBuildPhase section */

/* Begin PBXGroup section */
		9601B7672243C6A2002EB6B1 = {
			isa = PBXGroup;
			children = (
				9601B7722243C6A2002EB6B1 /* Restaurante */,
				9601B7712243C6A2002EB6B1 /* Products */,
			);
			sourceTree = "<group>";
		};
		9601B7712243C6A2002EB6B1 /* Products */ = {
			isa = PBXGroup;
			children = (
				9601B7702243C6A2002EB6B1 /* Restaurante.app */,
			);
			name = Products;
			sourceTree = "<group>";
		};
		9601B7722243C6A2002EB6B1 /* Restaurante */ = {
			isa = PBXGroup;
			children = (
				9601B7732243C6A2002EB6B1 /* AppDelegate.swift */,
				9601B7752243C6A2002EB6B1 /* ViewController.swift */,
				9601B78B2243CC4B002EB6B1 /* MenuItemDetailViewController.swift */,
				9601B7852243C958002EB6B1 /* CategoryTableViewController.swift */,
				9601B7872243C980002EB6B1 /* MenuTableViewController.swift */,
				9601B7892243C9A1002EB6B1 /* OrderTableViewController.swift */,
				9601B78F2243D00D002EB6B1 /* IntermediaryModels.swift */,
				9601B7912243D1DE002EB6B1 /* MenuController.swift */,
				9601B7932243D36E002EB6B1 /* Order.swift */,
				9601B78D2243CD7D002EB6B1 /* MenuItem.swift */,
				96EEA6EC224A80A80051D6BE /* OrderConfirmationViewController.swift */,
				9601B7772243C6A2002EB6B1 /* Main.storyboard */,
				9601B77A2243C6A3002EB6B1 /* Assets.xcassets */,
				9601B77C2243C6A3002EB6B1 /* LaunchScreen.storyboard */,
				9601B77F2243C6A3002EB6B1 /* Info.plist */,
			);
			path = Restaurante;
			sourceTree = "<group>";
		};
/* End PBXGroup section */

/* Begin PBXNativeTarget section */
		9601B76F2243C6A2002EB6B1 /* Restaurante */ = {
			isa = PBXNativeTarget;
			buildConfigurationList = 9601B7822243C6A3002EB6B1 /* Build configuration list for PBXNativeTarget "Restaurante" */;
			buildPhases = (
				9601B76C2243C6A2002EB6B1 /* Sources */,
				9601B76D2243C6A2002EB6B1 /* Frameworks */,
				9601B76E2243C6A2002EB6B1 /* Resources */,
			);
			buildRules = (
			);
			dependencies = (
			);
			name = Restaurante;
			productName = Restaurante;
			productReference = 9601B7702243C6A2002EB6B1 /* Restaurante.app */;
			productType = "com.apple.product-type.application";
		};
/* End PBXNativeTarget section */

/* Begin PBXProject section */
		9601B7682243C6A2002EB6B1 /* Project object */ = {
			isa = PBXProject;
			attributes = {
				LastSwiftUpdateCheck = 1010;
				LastUpgradeCheck = 1010;
				ORGANIZATIONNAME = "Esteban Ordonez";
				TargetAttributes = {
					9601B76F2243C6A2002EB6B1 = {
						CreatedOnToolsVersion = 10.1;
					};
				};
			};
			buildConfigurationList = 9601B76B2243C6A2002EB6B1 /* Build configuration list for PBXProject "Restaurante" */;
			compatibilityVersion = "Xcode 9.3";
			developmentRegion = en;
			hasScannedForEncodings = 0;
			knownRegions = (
				en,
				Base,
			);
			mainGroup = 9601B7672243C6A2002EB6B1;
			productRefGroup = 9601B7712243C6A2002EB6B1 /* Products */;
			projectDirPath = "";
			projectRoot = "";
			targets = (
				9601B76F2243C6A2002EB6B1 /* Restaurante */,
			);
		};
/* End PBXProject section */

/* Begin PBXResourcesBuildPhase section */
		9601B76E2243C6A2002EB6B1 /* Resources */ = {
			isa = PBXResourcesBuildPhase;
			buildActionMask = 2147483647;
			files = (
				9601B77E2243C6A3002EB6B1 /* LaunchScreen.storyboard in Resources */,
				9601B77B2243C6A3002EB6B1 /* Assets.xcassets in Resources */,
				9601B7792243C6A2002EB6B1 /* Main.storyboard in Resources */,
			);
			runOnlyForDeploymentPostprocessing = 0;
		};
/* End PBXResourcesBuildPhase section */

/* Begin PBXSourcesBuildPhase section */
		9601B76C2243C6A2002EB6B1 /* Sources */ = {
			isa = PBXSourcesBuildPhase;
			buildActionMask = 2147483647;
			files = (
				9601B78E2243CD7D002EB6B1 /* MenuItem.swift in Sources */,
				9601B7922243D1DE002EB6B1 /* MenuController.swift in Sources */,
				9601B7942243D36E002EB6B1 /* Order.swift in Sources */,
				9601B7882243C980002EB6B1 /* MenuTableViewController.swift in Sources */,
				9601B78C2243CC4B002EB6B1 /* MenuItemDetailViewController.swift in Sources */,
				9601B78A2243C9A1002EB6B1 /* OrderTableViewController.swift in Sources */,
				9601B7902243D00D002EB6B1 /* IntermediaryModels.swift in Sources */,
				9601B7762243C6A2002EB6B1 /* ViewController.swift in Sources */,
				9601B7742243C6A2002EB6B1 /* AppDelegate.swift in Sources */,
				96EEA6ED224A80A80051D6BE /* OrderConfirmationViewController.swift in Sources */,
				9601B7862243C958002EB6B1 /* CategoryTableViewController.swift in Sources */,
			);
			runOnlyForDeploymentPostprocessing = 0;
		};
/* End PBXSourcesBuildPhase section */

/* Begin PBXVariantGroup section */
		9601B7772243C6A2002EB6B1 /* Main.storyboard */ = {
			isa = PBXVariantGroup;
			children = (
				9601B7782243C6A2002EB6B1 /* Base */,
			);
			name = Main.storyboard;
			sourceTree = "<group>";
		};
		9601B77C2243C6A3002EB6B1 /* LaunchScreen.storyboard */ = {
			isa = PBXVariantGroup;
			children = (
				9601B77D2243C6A3002EB6B1 /* Base */,
			);
			name = LaunchScreen.storyboard;
			sourceTree = "<group>";
		};
/* End PBXVariantGroup section */

/* Begin XCBuildConfiguration section */
		9601B7802243C6A3002EB6B1 /* Debug */ = {
			isa = XCBuildConfiguration;
			buildSettings = {
				ALWAYS_SEARCH_USER_PATHS = NO;
				CLANG_ANALYZER_NONNULL = YES;
				CLANG_ANALYZER_NUMBER_OBJECT_CONVERSION = YES_AGGRESSIVE;
				CLANG_CXX_LANGUAGE_STANDARD = "gnu++14";
				CLANG_CXX_LIBRARY = "libc++";
				CLANG_ENABLE_MODULES = YES;
				CLANG_ENABLE_OBJC_ARC = YES;
				CLANG_ENABLE_OBJC_WEAK = YES;
				CLANG_WARN_BLOCK_CAPTURE_AUTORELEASING = YES;
				CLANG_WARN_BOOL_CONVERSION = YES;
				CLANG_WARN_COMMA = YES;
				CLANG_WARN_CONSTANT_CONVERSION = YES;
				CLANG_WARN_DEPRECATED_OBJC_IMPLEMENTATIONS = YES;
				CLANG_WARN_DIRECT_OBJC_ISA_USAGE = YES_ERROR;
				CLANG_WARN_DOCUMENTATION_COMMENTS = YES;
				CLANG_WARN_EMPTY_BODY = YES;
				CLANG_WARN_ENUM_CONVERSION = YES;
				CLANG_WARN_INFINITE_RECURSION = YES;
				CLANG_WARN_INT_CONVERSION = YES;
				CLANG_WARN_NON_LITERAL_NULL_CONVERSION = YES;
				CLANG_WARN_OBJC_IMPLICIT_RETAIN_SELF = YES;
				CLANG_WARN_OBJC_LITERAL_CONVERSION = YES;
				CLANG_WARN_OBJC_ROOT_CLASS = YES_ERROR;
				CLANG_WARN_RANGE_LOOP_ANALYSIS = YES;
				CLANG_WARN_STRICT_PROTOTYPES = YES;
				CLANG_WARN_SUSPICIOUS_MOVE = YES;
				CLANG_WARN_UNGUARDED_AVAILABILITY = YES_AGGRESSIVE;
				CLANG_WARN_UNREACHABLE_CODE = YES;
				CLANG_WARN__DUPLICATE_METHOD_MATCH = YES;
				CODE_SIGN_IDENTITY = "iPhone Developer";
				COPY_PHASE_STRIP = NO;
				DEBUG_INFORMATION_FORMAT = dwarf;
				ENABLE_STRICT_OBJC_MSGSEND = YES;
				ENABLE_TESTABILITY = YES;
				GCC_C_LANGUAGE_STANDARD = gnu11;
				GCC_DYNAMIC_NO_PIC = NO;
				GCC_NO_COMMON_BLOCKS = YES;
				GCC_OPTIMIZATION_LEVEL = 0;
				GCC_PREPROCESSOR_DEFINITIONS = (
					"DEBUG=1",
					"$(inherited)",
				);
				GCC_WARN_64_TO_32_BIT_CONVERSION = YES;
				GCC_WARN_ABOUT_RETURN_TYPE = YES_ERROR;
				GCC_WARN_UNDECLARED_SELECTOR = YES;
				GCC_WARN_UNINITIALIZED_AUTOS = YES_AGGRESSIVE;
				GCC_WARN_UNUSED_FUNCTION = YES;
				GCC_WARN_UNUSED_VARIABLE = YES;
				IPHONEOS_DEPLOYMENT_TARGET = 12.1;
				MTL_ENABLE_DEBUG_INFO = INCLUDE_SOURCE;
				MTL_FAST_MATH = YES;
				ONLY_ACTIVE_ARCH = YES;
				SDKROOT = iphoneos;
				SWIFT_ACTIVE_COMPILATION_CONDITIONS = DEBUG;
				SWIFT_OPTIMIZATION_LEVEL = "-Onone";
			};
			name = Debug;
		};
		9601B7812243C6A3002EB6B1 /* Release */ = {
			isa = XCBuildConfiguration;
			buildSettings = {
				ALWAYS_SEARCH_USER_PATHS = NO;
				CLANG_ANALYZER_NONNULL = YES;
				CLANG_ANALYZER_NUMBER_OBJECT_CONVERSION = YES_AGGRESSIVE;
				CLANG_CXX_LANGUAGE_STANDARD = "gnu++14";
				CLANG_CXX_LIBRARY = "libc++";
				CLANG_ENABLE_MODULES = YES;
				CLANG_ENABLE_OBJC_ARC = YES;
				CLANG_ENABLE_OBJC_WEAK = YES;
				CLANG_WARN_BLOCK_CAPTURE_AUTORELEASING = YES;
				CLANG_WARN_BOOL_CONVERSION = YES;
				CLANG_WARN_COMMA = YES;
				CLANG_WARN_CONSTANT_CONVERSION = YES;
				CLANG_WARN_DEPRECATED_OBJC_IMPLEMENTATIONS = YES;
				CLANG_WARN_DIRECT_OBJC_ISA_USAGE = YES_ERROR;
				CLANG_WARN_DOCUMENTATION_COMMENTS = YES;
				CLANG_WARN_EMPTY_BODY = YES;
				CLANG_WARN_ENUM_CONVERSION = YES;
				CLANG_WARN_INFINITE_RECURSION = YES;
				CLANG_WARN_INT_CONVERSION = YES;
				CLANG_WARN_NON_LITERAL_NULL_CONVERSION = YES;
				CLANG_WARN_OBJC_IMPLICIT_RETAIN_SELF = YES;
				CLANG_WARN_OBJC_LITERAL_CONVERSION = YES;
				CLANG_WARN_OBJC_ROOT_CLASS = YES_ERROR;
				CLANG_WARN_RANGE_LOOP_ANALYSIS = YES;
				CLANG_WARN_STRICT_PROTOTYPES = YES;
				CLANG_WARN_SUSPICIOUS_MOVE = YES;
				CLANG_WARN_UNGUARDED_AVAILABILITY = YES_AGGRESSIVE;
				CLANG_WARN_UNREACHABLE_CODE = YES;
				CLANG_WARN__DUPLICATE_METHOD_MATCH = YES;
				CODE_SIGN_IDENTITY = "iPhone Developer";
				COPY_PHASE_STRIP = NO;
				DEBUG_INFORMATION_FORMAT = "dwarf-with-dsym";
				ENABLE_NS_ASSERTIONS = NO;
				ENABLE_STRICT_OBJC_MSGSEND = YES;
				GCC_C_LANGUAGE_STANDARD = gnu11;
				GCC_NO_COMMON_BLOCKS = YES;
				GCC_WARN_64_TO_32_BIT_CONVERSION = YES;
				GCC_WARN_ABOUT_RETURN_TYPE = YES_ERROR;
				GCC_WARN_UNDECLARED_SELECTOR = YES;
				GCC_WARN_UNINITIALIZED_AUTOS = YES_AGGRESSIVE;
				GCC_WARN_UNUSED_FUNCTION = YES;
				GCC_WARN_UNUSED_VARIABLE = YES;
				IPHONEOS_DEPLOYMENT_TARGET = 12.1;
				MTL_ENABLE_DEBUG_INFO = NO;
				MTL_FAST_MATH = YES;
				SDKROOT = iphoneos;
				SWIFT_COMPILATION_MODE = wholemodule;
				SWIFT_OPTIMIZATION_LEVEL = "-O";
				VALIDATE_PRODUCT = YES;
			};
			name = Release;
		};
		9601B7832243C6A3002EB6B1 /* Debug */ = {
			isa = XCBuildConfiguration;
			buildSettings = {
				ASSETCATALOG_COMPILER_APPICON_NAME = AppIcon;
				CODE_SIGN_STYLE = Automatic;
				INFOPLIST_FILE = Restaurante/Info.plist;
				LD_RUNPATH_SEARCH_PATHS = (
					"$(inherited)",
					"@executable_path/Frameworks",
				);
				PRODUCT_BUNDLE_IDENTIFIER = Banx.Restaurante;
				PRODUCT_NAME = "$(TARGET_NAME)";
				SWIFT_VERSION = 4.2;
				TARGETED_DEVICE_FAMILY = "1,2";
			};
			name = Debug;
		};
		9601B7842243C6A3002EB6B1 /* Release */ = {
			isa = XCBuildConfiguration;
			buildSettings = {
				ASSETCATALOG_COMPILER_APPICON_NAME = AppIcon;
				CODE_SIGN_STYLE = Automatic;
				INFOPLIST_FILE = Restaurante/Info.plist;
				LD_RUNPATH_SEARCH_PATHS = (
					"$(inherited)",
					"@executable_path/Frameworks",
				);
				PRODUCT_BUNDLE_IDENTIFIER = Banx.Restaurante;
				PRODUCT_NAME = "$(TARGET_NAME)";
				SWIFT_VERSION = 4.2;
				TARGETED_DEVICE_FAMILY = "1,2";
			};
			name = Release;
		};
/* End XCBuildConfiguration section */

/* Begin XCConfigurationList section */
		9601B76B2243C6A2002EB6B1 /* Build configuration list for PBXProject "Restaurante" */ = {
			isa = XCConfigurationList;
			buildConfigurations = (
				9601B7802243C6A3002EB6B1 /* Debug */,
				9601B7812243C6A3002EB6B1 /* Release */,
			);
			defaultConfigurationIsVisible = 0;
			defaultConfigurationName = Release;
		};
		9601B7822243C6A3002EB6B1 /* Build configuration list for PBXNativeTarget "Restaurante" */ = {
			isa = XCConfigurationList;
			buildConfigurations = (
				9601B7832243C6A3002EB6B1 /* Debug */,
				9601B7842243C6A3002EB6B1 /* Release */,
			);
			defaultConfigurationIsVisible = 0;
			defaultConfigurationName = Release;
		};
/* End XCConfigurationList section */
	};
	rootObject = 9601B7682243C6A2002EB6B1 /* Project object */;
}
